// !$*UTF8*$!
{
	archiveVersion = 1;
	classes = {
	};
	objectVersion = 42;
	objects = {

/* Begin PBXBuildFile section */
		0C6D4628EE0B0D1479A20551 /* AGL.framework in Frameworks & Libraries */ = {isa = PBXBuildFile; fileRef = C6766F86E49E9C8701C8E637 /* AGL.framework */; };
		2B093CA6F071B023A473CED0 /* main.cpp in Build Sources */ = {isa = PBXBuildFile; fileRef = 118FCBAABA162BA17933C789 /* main.cpp */; settings = {ATTRIBUTES = (); }; };
		38396C6194550335C835B5D7 /* neurone.cpp in Build Sources */ = {isa = PBXBuildFile; fileRef = A9CAFCBD08F3F456C0AB6055 /* neurone.cpp */; settings = {ATTRIBUTES = (); }; };
		3E3211F39312EF87A0FCC466 /* MLP.cpp in Build Sources */ = {isa = PBXBuildFile; fileRef = 6096CCDC3C69EE91924F7136 /* MLP.cpp */; settings = {ATTRIBUTES = (); }; };
		9796E9B7DC7E49DBFDA474B0 /* QtCore.framework in Frameworks & Libraries */ = {isa = PBXBuildFile; fileRef = C4BDDC2C6092C25E6A8F17DB /* QtCore.framework */; };
		BCEF71E1EDFB18DA77DC750B /* OpenGL.framework in Frameworks & Libraries */ = {isa = PBXBuildFile; fileRef = DA18A6831232F53228631AD1 /* OpenGL.framework */; };
		F093A244A9E45CE34AFE9F13 /* QtGui.framework in Frameworks & Libraries */ = {isa = PBXBuildFile; fileRef = F4DB648BF3BED2540C6C54EE /* QtGui.framework */; };
/* End PBXBuildFile section */

/* Begin PBXFileReference section */
		118FCBAABA162BA17933C789 /* main.cpp */ = {isa = PBXFileReference; lastKnownFileType = sourcecode.cpp.cpp; path = main.cpp; sourceTree = SOURCE_ROOT; };
		341A9DA76BB104438D347C7B /* QVector */ = {isa = PBXFileReference; lastKnownFileType = text; name = QVector; path = /Users/lhenriquez/Documents/Programmation/SNalpha/QVector; sourceTree = "<absolute>"; };
		6096CCDC3C69EE91924F7136 /* MLP.cpp */ = {isa = PBXFileReference; lastKnownFileType = sourcecode.cpp.cpp; path = MLP.cpp; sourceTree = SOURCE_ROOT; };
		67A17A56A910342A4D9F566D /* MLP.h */ = {isa = PBXFileReference; lastKnownFileType = sourcecode.c.h; path = MLP.h; sourceTree = SOURCE_ROOT; };
		748412A9E3C5133782AC2654 /* qvector.h */ = {isa = PBXFileReference; lastKnownFileType = sourcecode.c.h; name = qvector.h; path = /Users/lhenriquez/Documents/Programmation/SNalpha/qvector.h; sourceTree = "<absolute>"; };
		7775CD00B39E4ED69EEA3682 /* SNalpha.pro */ = {isa = PBXFileReference; lastKnownFileType = text; path = SNalpha.pro; sourceTree = SOURCE_ROOT; };
		A9CAFCBD08F3F456C0AB6055 /* neurone.cpp */ = {isa = PBXFileReference; lastKnownFileType = sourcecode.cpp.cpp; path = neurone.cpp; sourceTree = SOURCE_ROOT; };
		AF6B41E3EC810676751DD736 /* neurone.h */ = {isa = PBXFileReference; lastKnownFileType = sourcecode.c.h; path = neurone.h; sourceTree = SOURCE_ROOT; };
		C4BDDC2C6092C25E6A8F17DB /* QtCore.framework */ = {isa = PBXFileReference; lastKnownFileType = wrapper.framework; name = QtCore.framework; path = ../../../Qt5.0.2/5.0.2/clang_64/lib/QtCore.framework; sourceTree = SOURCE_ROOT; };
		C6766F86E49E9C8701C8E637 /* AGL.framework */ = {isa = PBXFileReference; lastKnownFileType = wrapper.framework; name = AGL.framework; path = /System/Library/Frameworks/AGL.framework; sourceTree = "<absolute>"; };
		DA18A6831232F53228631AD1 /* OpenGL.framework */ = {isa = PBXFileReference; lastKnownFileType = wrapper.framework; name = OpenGL.framework; path = /System/Library/Frameworks/OpenGL.framework; sourceTree = "<absolute>"; };
		F4DB648BF3BED2540C6C54EE /* QtGui.framework */ = {isa = PBXFileReference; lastKnownFileType = wrapper.framework; name = QtGui.framework; path = ../../../Qt5.0.2/5.0.2/clang_64/lib/QtGui.framework; sourceTree = SOURCE_ROOT; };
		FF9A3263178A1D240064CB55 /* SNalpha.app */ = {isa = PBXFileReference; explicitFileType = wrapper.application; includeInIndex = 0; path = SNalpha.app; sourceTree = BUILT_PRODUCTS_DIR; };
/* End PBXFileReference section */

/* Begin PBXFrameworksBuildPhase section */
		2A1043669E6E5A7426EA502A /* Frameworks & Libraries */ = {
			isa = PBXFrameworksBuildPhase;
			buildActionMask = 2147483647;
			files = (
				F093A244A9E45CE34AFE9F13 /* QtGui.framework in Frameworks & Libraries */,
				9796E9B7DC7E49DBFDA474B0 /* QtCore.framework in Frameworks & Libraries */,
				BCEF71E1EDFB18DA77DC750B /* OpenGL.framework in Frameworks & Libraries */,
				0C6D4628EE0B0D1479A20551 /* AGL.framework in Frameworks & Libraries */,
			);
			name = "Frameworks & Libraries";
			runOnlyForDeploymentPostprocessing = 0;
		};
/* End PBXFrameworksBuildPhase section */

/* Begin PBXGroup section */
		05596AB53D8D521C69802C27 /* SNalpha */ = {
			isa = PBXGroup;
			children = (
				FB61758D0F0FDA4BA867C3D5 /* Sources */,
				883D7615C4D2DE3FA1218F12 /* Headers */,
				7CABE3C80E79AD2B307756D2 /* Sources [qmake] */,
				DD3C674B0E9509B84DF40A16 /* Sources [MOC] */,
				ED1E82605DD74B483AF3C982 /* External Frameworks and Libraries */,
				FF9A3264178A1D240064CB55 /* Products */,
			);
			name = SNalpha;
			sourceTree = "<Group>";
		};
		7CABE3C80E79AD2B307756D2 /* Sources [qmake] */ = {
			isa = PBXGroup;
			children = (
				7775CD00B39E4ED69EEA3682 /* SNalpha.pro */,
			);
			name = "Sources [qmake]";
			sourceTree = "<Group>";
		};
		883D7615C4D2DE3FA1218F12 /* Headers */ = {
			isa = PBXGroup;
			children = (
				67A17A56A910342A4D9F566D /* MLP.h */,
				AF6B41E3EC810676751DD736 /* neurone.h */,
				748412A9E3C5133782AC2654 /* qvector.h */,
				341A9DA76BB104438D347C7B /* QVector */,
			);
			name = Headers;
			sourceTree = "<Group>";
		};
		DD3C674B0E9509B84DF40A16 /* Sources [MOC] */ = {
			isa = PBXGroup;
			children = (
				67A17A56A910342A4D9F566D /* MLP.h */,
				AF6B41E3EC810676751DD736 /* neurone.h */,
			);
			name = "Sources [MOC]";
			sourceTree = "<Group>";
		};
		ED1E82605DD74B483AF3C982 /* External Frameworks and Libraries */ = {
			isa = PBXGroup;
			children = (
				F4DB648BF3BED2540C6C54EE /* QtGui.framework */,
				C4BDDC2C6092C25E6A8F17DB /* QtCore.framework */,
				DA18A6831232F53228631AD1 /* OpenGL.framework */,
				C6766F86E49E9C8701C8E637 /* AGL.framework */,
			);
			name = "External Frameworks and Libraries";
			sourceTree = "<Group>";
		};
		FB61758D0F0FDA4BA867C3D5 /* Sources */ = {
			isa = PBXGroup;
			children = (
				118FCBAABA162BA17933C789 /* main.cpp */,
				6096CCDC3C69EE91924F7136 /* MLP.cpp */,
				A9CAFCBD08F3F456C0AB6055 /* neurone.cpp */,
			);
			name = Sources;
			sourceTree = "<Group>";
		};
		FF9A3264178A1D240064CB55 /* Products */ = {
			isa = PBXGroup;
			children = (
				FF9A3263178A1D240064CB55 /* SNalpha.app */,
			);
			name = Products;
			sourceTree = "<group>";
		};
/* End PBXGroup section */

/* Begin PBXNativeTarget section */
		383D4B65EF8FA0B53965A964 /* SNalpha */ = {
			isa = PBXNativeTarget;
			buildConfigurationList = 17B3380A4D6A7D415E7F2E1E /* Build configuration list for PBXNativeTarget "SNalpha" */;
			buildPhases = (
				D7BA7D76DAB5DD13389D6332 /* Qt Qmake */,
				A0A52A2ADF7A1E2A99738674 /* Qt Preprocessors */,
				C29B8785722055ED95EF7B57 /* Build Sources */,
				2A1043669E6E5A7426EA502A /* Frameworks & Libraries */,
				3787F99312C85FF0073FD7BA /* Bundle Resources */,
			);
			buildRules = (
			);
			dependencies = (
			);
			name = SNalpha;
			productName = SNalpha;
			productReference = FF9A3263178A1D240064CB55 /* SNalpha.app */;
			productType = "com.apple.product-type.application";
		};
/* End PBXNativeTarget section */

/* Begin PBXProject section */
		91B15E841AA80083484172DE /* Project object */ = {
			isa = PBXProject;
			buildConfigurationList = CC82A9286117DFED018F418F /* Build configuration list for PBXProject "SNalpha" */;
			compatibilityVersion = "Xcode 2.4";
			developmentRegion = English;
			hasScannedForEncodings = 1;
			knownRegions = (
				en,
			);
			mainGroup = 05596AB53D8D521C69802C27 /* SNalpha */;
			productRefGroup = FF9A3264178A1D240064CB55 /* Products */;
			projectDirPath = "";
			projectRoot = "";
			targets = (
				383D4B65EF8FA0B53965A964 /* SNalpha */,
			);
		};
/* End PBXProject section */

/* Begin PBXResourcesBuildPhase section */
		3787F99312C85FF0073FD7BA /* Bundle Resources */ = {
			isa = PBXResourcesBuildPhase;
			buildActionMask = 2147483647;
			files = (
			);
			name = "Bundle Resources";
			runOnlyForDeploymentPostprocessing = 0;
		};
/* End PBXResourcesBuildPhase section */

/* Begin PBXShellScriptBuildPhase section */
		A0A52A2ADF7A1E2A99738674 /* Qt Preprocessors */ = {
			isa = PBXShellScriptBuildPhase;
			buildActionMask = 2147483647;
			files = (
			);
			name = "Qt Preprocessors";
			runOnlyForDeploymentPostprocessing = 0;
			shellPath = /bin/sh;
			shellScript = "make -C /Users/lhenriquez/Documents/Programmation/SNalpha -f SNalpha.xcodeproj/qt_preprocess.mak";
		};
		D7BA7D76DAB5DD13389D6332 /* Qt Qmake */ = {
			isa = PBXShellScriptBuildPhase;
			buildActionMask = 2147483647;
			files = (
			);
			name = "Qt Qmake";
			runOnlyForDeploymentPostprocessing = 0;
			shellPath = /bin/sh;
			shellScript = "make -C /Users/lhenriquez/Documents/Programmation/SNalpha -f SNalpha.xcodeproj/qt_makeqmake.mak";
		};
/* End PBXShellScriptBuildPhase section */

/* Begin PBXSourcesBuildPhase section */
		C29B8785722055ED95EF7B57 /* Build Sources */ = {
			isa = PBXSourcesBuildPhase;
			buildActionMask = 2147483647;
			files = (
				2B093CA6F071B023A473CED0 /* main.cpp in Build Sources */,
				3E3211F39312EF87A0FCC466 /* MLP.cpp in Build Sources */,
				38396C6194550335C835B5D7 /* neurone.cpp in Build Sources */,
			);
			name = "Build Sources";
			runOnlyForDeploymentPostprocessing = 0;
		};
/* End PBXSourcesBuildPhase section */

/* Begin XCBuildConfiguration section */
		4B72B24813252891014BCF61 /* Debug */ = {
			isa = XCBuildConfiguration;
			buildSettings = {
				ARCHS = x86_64;
				COPY_PHASE_STRIP = NO;
				FRAMEWORK_SEARCH_PATHS = (
					/Users/lhenriquez/Qt5.0.2/5.0.2/clang_64/lib,
					/Users/lhenriquez/Qt5.0.2/5.0.2/clang_64/qtbase/lib,
				);
				GCC_GENERATE_DEBUGGING_SYMBOLS = YES;
				GCC_OPTIMIZATION_LEVEL = 0;
				HEADER_SEARCH_PATHS = (
					.,
					../../../Qt5.0.2/5.0.2/clang_64/include,
					../../../Qt5.0.2/5.0.2/clang_64/include/QtGui,
					../../../Qt5.0.2/5.0.2/clang_64/lib/QtGui.framework/Versions/5/Headers,
					../../../Qt5.0.2/5.0.2/clang_64/include/QtCore,
					../../../Qt5.0.2/5.0.2/clang_64/lib/QtCore.framework/Versions/5/Headers,
					.,
					/System/Library/Frameworks/OpenGL.framework/Versions/A/Headers,
					/System/Library/Frameworks/AGL.framework/Headers,
					/usr/local/include,
					/System/Library/Frameworks/CarbonCore.framework/Headers,
					"../../../Qt5.0.2/5.0.2/clang_64/mkspecs/macx-xcode",
				);
				INFOPLIST_FILE = Info.plist;
				LIBRARY_SEARCH_PATHS = (
					/Users/lhenriquez/Qt5.0.2/5.0.2/clang_64/lib,
					/System/Library/Frameworks/,
				);
				OTHER_CFLAGS = (
					"-pipe",
					"-mmacosx-version-min=10.6",
					"-O2",
					"-Wall",
					"-W",
					"-fPIE",
					"-DQT_NO_DEBUG",
					"-DQT_GUI_LIB",
					"-DQT_CORE_LIB",
				);
				OTHER_CPLUSPLUSFLAGS = (
					"-pipe",
					"-mmacosx-version-min=10.6",
					"-O2",
					"-Wall",
					"-W",
					"-fPIE",
					"-DQT_NO_DEBUG",
					"-DQT_GUI_LIB",
					"-DQT_CORE_LIB",
				);
				OTHER_LDFLAGS = (
					"-headerpad_max_install_names",
					"-mmacosx-version-min=10.6",
					"-F/Users/lhenriquez/Qt5.0.2/5.0.2/clang_64/lib",
					"-F/Users/lhenriquez/Qt5.0.2/5.0.2/clang_64/qtbase/lib",
				);
				PRODUCT_NAME = SNalpha;
			};
			name = Debug;
		};
		8C7174830A1E4DCBA0332EC1 /* Release */ = {
			isa = XCBuildConfiguration;
			buildSettings = {
				COPY_PHASE_STRIP = YES;
				GCC_GENERATE_DEBUGGING_SYMBOLS = NO;
				PRODUCT_NAME = SNalpha;
			};
			name = Release;
		};
		BEC09A62E69C3553534FF35E /* Debug */ = {
			isa = XCBuildConfiguration;
			buildSettings = {
				COPY_PHASE_STRIP = NO;
				GCC_GENERATE_DEBUGGING_SYMBOLS = YES;
				GCC_OPTIMIZATION_LEVEL = 0;
				PRODUCT_NAME = SNalpha;
			};
			name = Debug;
		};
		D70590BEB531B51029F711BB /* Release */ = {
			isa = XCBuildConfiguration;
			buildSettings = {
				ARCHS = x86_64;
				COPY_PHASE_STRIP = YES;
				FRAMEWORK_SEARCH_PATHS = (
					/Users/lhenriquez/Qt5.0.2/5.0.2/clang_64/lib,
					/Users/lhenriquez/Qt5.0.2/5.0.2/clang_64/qtbase/lib,
				);
				GCC_GENERATE_DEBUGGING_SYMBOLS = NO;
				HEADER_SEARCH_PATHS = (
					.,
					../../../Qt5.0.2/5.0.2/clang_64/include,
					../../../Qt5.0.2/5.0.2/clang_64/include/QtGui,
					../../../Qt5.0.2/5.0.2/clang_64/lib/QtGui.framework/Versions/5/Headers,
					../../../Qt5.0.2/5.0.2/clang_64/include/QtCore,
					../../../Qt5.0.2/5.0.2/clang_64/lib/QtCore.framework/Versions/5/Headers,
					.,
					/System/Library/Frameworks/OpenGL.framework/Versions/A/Headers,
					/System/Library/Frameworks/AGL.framework/Headers,
					/usr/local/include,
					/System/Library/Frameworks/CarbonCore.framework/Headers,
					"../../../Qt5.0.2/5.0.2/clang_64/mkspecs/macx-xcode",
				);
				INFOPLIST_FILE = Info.plist;
				LIBRARY_SEARCH_PATHS = (
					/Users/lhenriquez/Qt5.0.2/5.0.2/clang_64/lib,
					/System/Library/Frameworks/,
				);
				OTHER_CFLAGS = (
					"-pipe",
					"-mmacosx-version-min=10.6",
					"-O2",
					"-Wall",
					"-W",
					"-fPIE",
					"-DQT_NO_DEBUG",
					"-DQT_GUI_LIB",
					"-DQT_CORE_LIB",
				);
				OTHER_CPLUSPLUSFLAGS = (
					"-pipe",
					"-mmacosx-version-min=10.6",
					"-O2",
					"-Wall",
					"-W",
					"-fPIE",
					"-DQT_NO_DEBUG",
					"-DQT_GUI_LIB",
					"-DQT_CORE_LIB",
				);
				OTHER_LDFLAGS = (
					"-headerpad_max_install_names",
					"-mmacosx-version-min=10.6",
					"-F/Users/lhenriquez/Qt5.0.2/5.0.2/clang_64/lib",
					"-F/Users/lhenriquez/Qt5.0.2/5.0.2/clang_64/qtbase/lib",
				);
				PRODUCT_NAME = SNalpha;
			};
			name = Release;
		};
/* End XCBuildConfiguration section */

/* Begin XCConfigurationList section */
		17B3380A4D6A7D415E7F2E1E /* Build configuration list for PBXNativeTarget "SNalpha" */ = {
			isa = XCConfigurationList;
			buildConfigurations = (
				BEC09A62E69C3553534FF35E /* Debug */,
				8C7174830A1E4DCBA0332EC1 /* Release */,
			);
			defaultConfigurationIsVisible = 0;
			defaultConfigurationName = Release;
		};
		CC82A9286117DFED018F418F /* Build configuration list for PBXProject "SNalpha" */ = {
			isa = XCConfigurationList;
			buildConfigurations = (
				4B72B24813252891014BCF61 /* Debug */,
				D70590BEB531B51029F711BB /* Release */,
			);
			defaultConfigurationIsVisible = 0;
			defaultConfigurationName = Release;
		};
/* End XCConfigurationList section */
	};
	rootObject = 91B15E841AA80083484172DE /* Project object */;
}
